
Microsoft Visual Studio Solution File, Format Version 12.00
# Visual Studio Version 17
VisualStudioVersion = 17.9.34616.47
MinimumVisualStudioVersion = 10.0.40219.1
Project("{FAE04EC0-301F-11D3-BF4B-00C04F79EFBC}") = "CodeProject", "CodeProject\CodeProject.csproj", "{408597DE-E667-473B-9B20-6932283B607D}"
EndProject
Project("{FAE04EC0-301F-11D3-BF4B-00C04F79EFBC}") = "Model", "Model\Model.csproj", "{70B7C165-3646-4A8A-ABE4-24881A289801}"
EndProject
Project("{FAE04EC0-301F-11D3-BF4B-00C04F79EFBC}") = "EntityController", "EntityController\EntityController.csproj", "{E772BAF7-D41B-4F0D-AF1F-451612461B5F}"
EndProject
Project("{FAE04EC0-301F-11D3-BF4B-00C04F79EFBC}") = "Application", "Application\Application.csproj", "{6FF2A099-C296-4C6D-96BB-BF56E58B6B4C}"
EndProject
Global
	GlobalSection(SolutionConfigurationPlatforms) = preSolution
		Debug|Any CPU = Debug|Any CPU
		Release|Any CPU = Release|Any CPU
	EndGlobalSection
	GlobalSection(ProjectConfigurationPlatforms) = postSolution
		{408597DE-E667-473B-9B20-6932283B607D}.Debug|Any CPU.ActiveCfg = Debug|Any CPU
		{408597DE-E667-473B-9B20-6932283B607D}.Debug|Any CPU.Build.0 = Debug|Any CPU
		{408597DE-E667-473B-9B20-6932283B607D}.Release|Any CPU.ActiveCfg = Release|Any CPU
		{408597DE-E667-473B-9B20-6932283B607D}.Release|Any CPU.Build.0 = Release|Any CPU
		{70B7C165-3646-4A8A-ABE4-24881A289801}.Debug|Any CPU.ActiveCfg = Debug|Any CPU
		{70B7C165-3646-4A8A-ABE4-24881A289801}.Debug|Any CPU.Build.0 = Debug|Any CPU
		{70B7C165-3646-4A8A-ABE4-24881A289801}.Release|Any CPU.ActiveCfg = Release|Any CPU
		{70B7C165-3646-4A8A-ABE4-24881A289801}.Release|Any CPU.Build.0 = Release|Any CPU
		{E772BAF7-D41B-4F0D-AF1F-451612461B5F}.Debug|Any CPU.ActiveCfg = Debug|Any CPU
		{E772BAF7-D41B-4F0D-AF1F-451612461B5F}.Debug|Any CPU.Build.0 = Debug|Any CPU
		{E772BAF7-D41B-4F0D-AF1F-451612461B5F}.Release|Any CPU.ActiveCfg = Release|Any CPU
		{E772BAF7-D41B-4F0D-AF1F-451612461B5F}.Release|Any CPU.Build.0 = Release|Any CPU
		{6FF2A099-C296-4C6D-96BB-BF56E58B6B4C}.Debug|Any CPU.ActiveCfg = Debug|Any CPU
		{6FF2A099-C296-4C6D-96BB-BF56E58B6B4C}.Debug|Any CPU.Build.0 = Debug|Any CPU
		{6FF2A099-C296-4C6D-96BB-BF56E58B6B4C}.Release|Any CPU.ActiveCfg = Release|Any CPU
		{6FF2A099-C296-4C6D-96BB-BF56E58B6B4C}.Release|Any CPU.Build.0 = Release|Any CPU
	EndGlobalSection
	GlobalSection(SolutionProperties) = preSolution
		HideSolutionNode = FALSE
	EndGlobalSection
	GlobalSection(ExtensibilityGlobals) = postSolution
		SolutionGuid = {50596D9F-AED0-406E-BC7B-F5AD8E27C828}
	EndGlobalSection
EndGlobal
