
Microsoft Visual Studio Solution File, Format Version 12.00
# Visual Studio Version 17
VisualStudioVersion = 17.9.34616.47
MinimumVisualStudioVersion = 10.0.40219.1
Project("{FAE04EC0-301F-11D3-BF4B-00C04F79EFBC}") = "ModelFirst", "ModelFirst\ModelFirst.csproj", "{1127EB14-0119-4825-98E2-816783219A4D}"
EndProject
Project("{FAE04EC0-301F-11D3-BF4B-00C04F79EFBC}") = "DatabaseFirst", "DatabaseFirst\DatabaseFirst.csproj", "{1C063AEA-008C-459F-B208-A24F72C7308A}"
EndProject
Project("{FAE04EC0-301F-11D3-BF4B-00C04F79EFBC}") = "CodeFirstToExistingDatabase", "CodeFirstToExistingDatabase\CodeFirstToExistingDatabase.csproj", "{F15C060D-9E6D-47BE-9E22-ED50AA613F43}"
EndProject
Global
	GlobalSection(SolutionConfigurationPlatforms) = preSolution
		Debug|Any CPU = Debug|Any CPU
		Release|Any CPU = Release|Any CPU
	EndGlobalSection
	GlobalSection(ProjectConfigurationPlatforms) = postSolution
		{1127EB14-0119-4825-98E2-816783219A4D}.Debug|Any CPU.ActiveCfg = Debug|Any CPU
		{1127EB14-0119-4825-98E2-816783219A4D}.Debug|Any CPU.Build.0 = Debug|Any CPU
		{1127EB14-0119-4825-98E2-816783219A4D}.Release|Any CPU.ActiveCfg = Release|Any CPU
		{1127EB14-0119-4825-98E2-816783219A4D}.Release|Any CPU.Build.0 = Release|Any CPU
		{1C063AEA-008C-459F-B208-A24F72C7308A}.Debug|Any CPU.ActiveCfg = Debug|Any CPU
		{1C063AEA-008C-459F-B208-A24F72C7308A}.Debug|Any CPU.Build.0 = Debug|Any CPU
		{1C063AEA-008C-459F-B208-A24F72C7308A}.Release|Any CPU.ActiveCfg = Release|Any CPU
		{1C063AEA-008C-459F-B208-A24F72C7308A}.Release|Any CPU.Build.0 = Release|Any CPU
		{F15C060D-9E6D-47BE-9E22-ED50AA613F43}.Debug|Any CPU.ActiveCfg = Debug|Any CPU
		{F15C060D-9E6D-47BE-9E22-ED50AA613F43}.Debug|Any CPU.Build.0 = Debug|Any CPU
		{F15C060D-9E6D-47BE-9E22-ED50AA613F43}.Release|Any CPU.ActiveCfg = Release|Any CPU
		{F15C060D-9E6D-47BE-9E22-ED50AA613F43}.Release|Any CPU.Build.0 = Release|Any CPU
	EndGlobalSection
	GlobalSection(SolutionProperties) = preSolution
		HideSolutionNode = FALSE
	EndGlobalSection
	GlobalSection(ExtensibilityGlobals) = postSolution
		SolutionGuid = {A1250128-D33E-4781-BDE6-D103B12A7699}
	EndGlobalSection
EndGlobal
